
Microsoft Visual Studio Solution File, Format Version 12.00
# Visual Studio Version 17
VisualStudioVersion = 17.3.32825.248
MinimumVisualStudioVersion = 10.0.40219.1
Project("{FAE04EC0-301F-11D3-BF4B-00C04F79EFBC}") = "NLayerApp.Core", "NlayerApp.Core\NLayerApp.Core.csproj", "{BF989E27-8487-4A86-A5E9-673F1D436224}"
EndProject
Project("{FAE04EC0-301F-11D3-BF4B-00C04F79EFBC}") = "NLayerApp.Repository", "NLayerApp.Repository\NLayerApp.Repository.csproj", "{B1C3E961-BC44-4063-91EA-D91C46C5B351}"
EndProject
Project("{FAE04EC0-301F-11D3-BF4B-00C04F79EFBC}") = "NLayerApp.Service", "NLayerApp.Service\NLayerApp.Service.csproj", "{4F7923CC-D5A2-448B-BC75-28FEB898658E}"
EndProject
Project("{FAE04EC0-301F-11D3-BF4B-00C04F79EFBC}") = "NLayerApp.API", "NLayerApp.API\NLayerApp.API.csproj", "{EE3AACF4-D073-4930-9412-843CAC37C9F6}"
EndProject
Project("{FAE04EC0-301F-11D3-BF4B-00C04F79EFBC}") = "NLayerApp.Web", "NLayerApp.Web\NLayerApp.Web.csproj", "{02506D46-24AD-4FBD-AAD1-9769EACE793A}"
EndProject
Project("{FAE04EC0-301F-11D3-BF4B-00C04F79EFBC}") = "NLayerApp.Caching", "NLayerApp.Caching\NLayerApp.Caching.csproj", "{423BB985-7125-4BA7-A7FE-432D55CA6834}"
EndProject
Global
	GlobalSection(SolutionConfigurationPlatforms) = preSolution
		Debug|Any CPU = Debug|Any CPU
		Release|Any CPU = Release|Any CPU
	EndGlobalSection
	GlobalSection(ProjectConfigurationPlatforms) = postSolution
		{BF989E27-8487-4A86-A5E9-673F1D436224}.Debug|Any CPU.ActiveCfg = Debug|Any CPU
		{BF989E27-8487-4A86-A5E9-673F1D436224}.Debug|Any CPU.Build.0 = Debug|Any CPU
		{BF989E27-8487-4A86-A5E9-673F1D436224}.Release|Any CPU.ActiveCfg = Release|Any CPU
		{BF989E27-8487-4A86-A5E9-673F1D436224}.Release|Any CPU.Build.0 = Release|Any CPU
		{B1C3E961-BC44-4063-91EA-D91C46C5B351}.Debug|Any CPU.ActiveCfg = Debug|Any CPU
		{B1C3E961-BC44-4063-91EA-D91C46C5B351}.Debug|Any CPU.Build.0 = Debug|Any CPU
		{B1C3E961-BC44-4063-91EA-D91C46C5B351}.Release|Any CPU.ActiveCfg = Release|Any CPU
		{B1C3E961-BC44-4063-91EA-D91C46C5B351}.Release|Any CPU.Build.0 = Release|Any CPU
		{4F7923CC-D5A2-448B-BC75-28FEB898658E}.Debug|Any CPU.ActiveCfg = Debug|Any CPU
		{4F7923CC-D5A2-448B-BC75-28FEB898658E}.Debug|Any CPU.Build.0 = Debug|Any CPU
		{4F7923CC-D5A2-448B-BC75-28FEB898658E}.Release|Any CPU.ActiveCfg = Release|Any CPU
		{4F7923CC-D5A2-448B-BC75-28FEB898658E}.Release|Any CPU.Build.0 = Release|Any CPU
		{EE3AACF4-D073-4930-9412-843CAC37C9F6}.Debug|Any CPU.ActiveCfg = Debug|Any CPU
		{EE3AACF4-D073-4930-9412-843CAC37C9F6}.Debug|Any CPU.Build.0 = Debug|Any CPU
		{EE3AACF4-D073-4930-9412-843CAC37C9F6}.Release|Any CPU.ActiveCfg = Release|Any CPU
		{EE3AACF4-D073-4930-9412-843CAC37C9F6}.Release|Any CPU.Build.0 = Release|Any CPU
		{02506D46-24AD-4FBD-AAD1-9769EACE793A}.Debug|Any CPU.ActiveCfg = Debug|Any CPU
		{02506D46-24AD-4FBD-AAD1-9769EACE793A}.Debug|Any CPU.Build.0 = Debug|Any CPU
		{02506D46-24AD-4FBD-AAD1-9769EACE793A}.Release|Any CPU.ActiveCfg = Release|Any CPU
		{02506D46-24AD-4FBD-AAD1-9769EACE793A}.Release|Any CPU.Build.0 = Release|Any CPU
		{423BB985-7125-4BA7-A7FE-432D55CA6834}.Debug|Any CPU.ActiveCfg = Debug|Any CPU
		{423BB985-7125-4BA7-A7FE-432D55CA6834}.Debug|Any CPU.Build.0 = Debug|Any CPU
		{423BB985-7125-4BA7-A7FE-432D55CA6834}.Release|Any CPU.ActiveCfg = Release|Any CPU
		{423BB985-7125-4BA7-A7FE-432D55CA6834}.Release|Any CPU.Build.0 = Release|Any CPU
	EndGlobalSection
	GlobalSection(SolutionProperties) = preSolution
		HideSolutionNode = FALSE
	EndGlobalSection
	GlobalSection(ExtensibilityGlobals) = postSolution
		SolutionGuid = {1B0EADA4-C2CE-40B4-84F4-C1370AF6BC78}
	EndGlobalSection
EndGlobal
